// !$*UTF8*$!
{
	archiveVersion = 1;
	classes = {
	};
	objectVersion = 55;
	objects = {

/* Begin PBXBuildFile section */
		390AF47D27A0C69400AD272B /* AppDelegate.swift in Sources */ = {isa = PBXBuildFile; fileRef = 390AF47C27A0C69400AD272B /* AppDelegate.swift */; };
		390AF47F27A0C69400AD272B /* SceneDelegate.swift in Sources */ = {isa = PBXBuildFile; fileRef = 390AF47E27A0C69400AD272B /* SceneDelegate.swift */; };
		390AF48127A0C69400AD272B /* ViewController.swift in Sources */ = {isa = PBXBuildFile; fileRef = 390AF48027A0C69400AD272B /* ViewController.swift */; };
		390AF48427A0C69400AD272B /* Main.storyboard in Resources */ = {isa = PBXBuildFile; fileRef = 390AF48227A0C69400AD272B /* Main.storyboard */; };
		390AF48627A0C69600AD272B /* Assets.xcassets in Resources */ = {isa = PBXBuildFile; fileRef = 390AF48527A0C69600AD272B /* Assets.xcassets */; };
		390AF48927A0C69600AD272B /* LaunchScreen.storyboard in Resources */ = {isa = PBXBuildFile; fileRef = 390AF48727A0C69600AD272B /* LaunchScreen.storyboard */; };
		390AF49227A0DA2E00AD272B /* BMIManager.swift in Sources */ = {isa = PBXBuildFile; fileRef = 390AF49127A0DA2E00AD272B /* BMIManager.swift */; };
		390AF49627A128C800AD272B /* WebViewController.swift in Sources */ = {isa = PBXBuildFile; fileRef = 390AF49527A128C800AD272B /* WebViewController.swift */; };
/* End PBXBuildFile section */

/* Begin PBXFileReference section */
		390AF47927A0C69400AD272B /* CalculatorBMI.app */ = {isa = PBXFileReference; explicitFileType = wrapper.application; includeInIndex = 0; path = CalculatorBMI.app; sourceTree = BUILT_PRODUCTS_DIR; };
		390AF47C27A0C69400AD272B /* AppDelegate.swift */ = {isa = PBXFileReference; lastKnownFileType = sourcecode.swift; path = AppDelegate.swift; sourceTree = "<group>"; };
		390AF47E27A0C69400AD272B /* SceneDelegate.swift */ = {isa = PBXFileReference; lastKnownFileType = sourcecode.swift; path = SceneDelegate.swift; sourceTree = "<group>"; };
		390AF48027A0C69400AD272B /* ViewController.swift */ = {isa = PBXFileReference; lastKnownFileType = sourcecode.swift; path = ViewController.swift; sourceTree = "<group>"; };
		390AF48327A0C69400AD272B /* Base */ = {isa = PBXFileReference; lastKnownFileType = file.storyboard; name = Base; path = Base.lproj/Main.storyboard; sourceTree = "<group>"; };
		390AF48527A0C69600AD272B /* Assets.xcassets */ = {isa = PBXFileReference; lastKnownFileType = folder.assetcatalog; path = Assets.xcassets; sourceTree = "<group>"; };
		390AF48827A0C69600AD272B /* Base */ = {isa = PBXFileReference; lastKnownFileType = file.storyboard; name = Base; path = Base.lproj/LaunchScreen.storyboard; sourceTree = "<group>"; };
		390AF48A27A0C69600AD272B /* Info.plist */ = {isa = PBXFileReference; lastKnownFileType = text.plist.xml; path = Info.plist; sourceTree = "<group>"; };
		390AF49127A0DA2E00AD272B /* BMIManager.swift */ = {isa = PBXFileReference; lastKnownFileType = sourcecode.swift; path = BMIManager.swift; sourceTree = "<group>"; };
		390AF49527A128C800AD272B /* WebViewController.swift */ = {isa = PBXFileReference; lastKnownFileType = sourcecode.swift; path = WebViewController.swift; sourceTree = "<group>"; };
/* End PBXFileReference section */

/* Begin PBXFrameworksBuildPhase section */
		390AF47627A0C69400AD272B /* Frameworks */ = {
			isa = PBXFrameworksBuildPhase;
			buildActionMask = 2147483647;
			files = (
			);
			runOnlyForDeploymentPostprocessing = 0;
		};
/* End PBXFrameworksBuildPhase section */

/* Begin PBXGroup section */
		390AF47027A0C69400AD272B = {
			isa = PBXGroup;
			children = (
				390AF47B27A0C69400AD272B /* CalculatorBMI */,
				390AF47A27A0C69400AD272B /* Products */,
			);
			sourceTree = "<group>";
		};
		390AF47A27A0C69400AD272B /* Products */ = {
			isa = PBXGroup;
			children = (
				390AF47927A0C69400AD272B /* CalculatorBMI.app */,
			);
			name = Products;
			sourceTree = "<group>";
		};
		390AF47B27A0C69400AD272B /* CalculatorBMI */ = {
			isa = PBXGroup;
			children = (
				390AF47C27A0C69400AD272B /* AppDelegate.swift */,
				390AF47E27A0C69400AD272B /* SceneDelegate.swift */,
				390AF49027A0DA1400AD272B /* Model */,
				390AF49727A12EFE00AD272B /* Controller */,
				390AF48227A0C69400AD272B /* Main.storyboard */,
				390AF48527A0C69600AD272B /* Assets.xcassets */,
				390AF48727A0C69600AD272B /* LaunchScreen.storyboard */,
				390AF48A27A0C69600AD272B /* Info.plist */,
			);
			path = CalculatorBMI;
			sourceTree = "<group>";
		};
		390AF49027A0DA1400AD272B /* Model */ = {
			isa = PBXGroup;
			children = (
				390AF49127A0DA2E00AD272B /* BMIManager.swift */,
			);
			path = Model;
			sourceTree = "<group>";
		};
		390AF49727A12EFE00AD272B /* Controller */ = {
			isa = PBXGroup;
			children = (
				390AF48027A0C69400AD272B /* ViewController.swift */,
				390AF49527A128C800AD272B /* WebViewController.swift */,
			);
			path = Controller;
			sourceTree = "<group>";
		};
/* End PBXGroup section */

/* Begin PBXNativeTarget section */
		390AF47827A0C69400AD272B /* CalculatorBMI */ = {
			isa = PBXNativeTarget;
			buildConfigurationList = 390AF48D27A0C69600AD272B /* Build configuration list for PBXNativeTarget "CalculatorBMI" */;
			buildPhases = (
				390AF47527A0C69400AD272B /* Sources */,
				390AF47627A0C69400AD272B /* Frameworks */,
				390AF47727A0C69400AD272B /* Resources */,
			);
			buildRules = (
			);
			dependencies = (
			);
			name = CalculatorBMI;
			productName = CalculatorBMI;
			productReference = 390AF47927A0C69400AD272B /* CalculatorBMI.app */;
			productType = "com.apple.product-type.application";
		};
/* End PBXNativeTarget section */

/* Begin PBXProject section */
		390AF47127A0C69400AD272B /* Project object */ = {
			isa = PBXProject;
			attributes = {
				BuildIndependentTargetsInParallel = 1;
				LastSwiftUpdateCheck = 1320;
				LastUpgradeCheck = 1320;
				TargetAttributes = {
					390AF47827A0C69400AD272B = {
						CreatedOnToolsVersion = 13.2;
					};
				};
			};
			buildConfigurationList = 390AF47427A0C69400AD272B /* Build configuration list for PBXProject "CalculatorBMI" */;
			compatibilityVersion = "Xcode 13.0";
			developmentRegion = en;
			hasScannedForEncodings = 0;
			knownRegions = (
				en,
				Base,
			);
			mainGroup = 390AF47027A0C69400AD272B;
			productRefGroup = 390AF47A27A0C69400AD272B /* Products */;
			projectDirPath = "";
			projectRoot = "";
			targets = (
				390AF47827A0C69400AD272B /* CalculatorBMI */,
			);
		};
/* End PBXProject section */

/* Begin PBXResourcesBuildPhase section */
		390AF47727A0C69400AD272B /* Resources */ = {
			isa = PBXResourcesBuildPhase;
			buildActionMask = 2147483647;
			files = (
				390AF48927A0C69600AD272B /* LaunchScreen.storyboard in Resources */,
				390AF48627A0C69600AD272B /* Assets.xcassets in Resources */,
				390AF48427A0C69400AD272B /* Main.storyboard in Resources */,
			);
			runOnlyForDeploymentPostprocessing = 0;
		};
/* End PBXResourcesBuildPhase section */

/* Begin PBXSourcesBuildPhase section */
		390AF47527A0C69400AD272B /* Sources */ = {
			isa = PBXSourcesBuildPhase;
			buildActionMask = 2147483647;
			files = (
				390AF48127A0C69400AD272B /* ViewController.swift in Sources */,
				390AF47D27A0C69400AD272B /* AppDelegate.swift in Sources */,
				390AF49227A0DA2E00AD272B /* BMIManager.swift in Sources */,
				390AF49627A128C800AD272B /* WebViewController.swift in Sources */,
				390AF47F27A0C69400AD272B /* SceneDelegate.swift in Sources */,
			);
			runOnlyForDeploymentPostprocessing = 0;
		};
/* End PBXSourcesBuildPhase section */

/* Begin PBXVariantGroup section */
		390AF48227A0C69400AD272B /* Main.storyboard */ = {
			isa = PBXVariantGroup;
			children = (
				390AF48327A0C69400AD272B /* Base */,
			);
			name = Main.storyboard;
			sourceTree = "<group>";
		};
		390AF48727A0C69600AD272B /* LaunchScreen.storyboard */ = {
			isa = PBXVariantGroup;
			children = (
				390AF48827A0C69600AD272B /* Base */,
			);
			name = LaunchScreen.storyboard;
			sourceTree = "<group>";
		};
/* End PBXVariantGroup section */

/* Begin XCBuildConfiguration section */
		390AF48B27A0C69600AD272B /* Debug */ = {
			isa = XCBuildConfiguration;
			buildSettings = {
				ALWAYS_SEARCH_USER_PATHS = NO;
				CLANG_ANALYZER_NONNULL = YES;
				CLANG_ANALYZER_NUMBER_OBJECT_CONVERSION = YES_AGGRESSIVE;
				CLANG_CXX_LANGUAGE_STANDARD = "gnu++17";
				CLANG_CXX_LIBRARY = "libc++";
				CLANG_ENABLE_MODULES = YES;
				CLANG_ENABLE_OBJC_ARC = YES;
				CLANG_ENABLE_OBJC_WEAK = YES;
				CLANG_WARN_BLOCK_CAPTURE_AUTORELEASING = YES;
				CLANG_WARN_BOOL_CONVERSION = YES;
				CLANG_WARN_COMMA = YES;
				CLANG_WARN_CONSTANT_CONVERSION = YES;
				CLANG_WARN_DEPRECATED_OBJC_IMPLEMENTATIONS = YES;
				CLANG_WARN_DIRECT_OBJC_ISA_USAGE = YES_ERROR;
				CLANG_WARN_DOCUMENTATION_COMMENTS = YES;
				CLANG_WARN_EMPTY_BODY = YES;
				CLANG_WARN_ENUM_CONVERSION = YES;
				CLANG_WARN_INFINITE_RECURSION = YES;
				CLANG_WARN_INT_CONVERSION = YES;
				CLANG_WARN_NON_LITERAL_NULL_CONVERSION = YES;
				CLANG_WARN_OBJC_IMPLICIT_RETAIN_SELF = YES;
				CLANG_WARN_OBJC_LITERAL_CONVERSION = YES;
				CLANG_WARN_OBJC_ROOT_CLASS = YES_ERROR;
				CLANG_WARN_QUOTED_INCLUDE_IN_FRAMEWORK_HEADER = YES;
				CLANG_WARN_RANGE_LOOP_ANALYSIS = YES;
				CLANG_WARN_STRICT_PROTOTYPES = YES;
				CLANG_WARN_SUSPICIOUS_MOVE = YES;
				CLANG_WARN_UNGUARDED_AVAILABILITY = YES_AGGRESSIVE;
				CLANG_WARN_UNREACHABLE_CODE = YES;
				CLANG_WARN__DUPLICATE_METHOD_MATCH = YES;
				COPY_PHASE_STRIP = NO;
				DEBUG_INFORMATION_FORMAT = dwarf;
				ENABLE_STRICT_OBJC_MSGSEND = YES;
				ENABLE_TESTABILITY = YES;
				GCC_C_LANGUAGE_STANDARD = gnu11;
				GCC_DYNAMIC_NO_PIC = NO;
				GCC_NO_COMMON_BLOCKS = YES;
				GCC_OPTIMIZATION_LEVEL = 0;
				GCC_PREPROCESSOR_DEFINITIONS = (
					"DEBUG=1",
					"$(inherited)",
				);
				GCC_WARN_64_TO_32_BIT_CONVERSION = YES;
				GCC_WARN_ABOUT_RETURN_TYPE = YES_ERROR;
				GCC_WARN_UNDECLARED_SELECTOR = YES;
				GCC_WARN_UNINITIALIZED_AUTOS = YES_AGGRESSIVE;
				GCC_WARN_UNUSED_FUNCTION = YES;
				GCC_WARN_UNUSED_VARIABLE = YES;
				IPHONEOS_DEPLOYMENT_TARGET = 15.2;
				MTL_ENABLE_DEBUG_INFO = INCLUDE_SOURCE;
				MTL_FAST_MATH = YES;
				ONLY_ACTIVE_ARCH = YES;
				SDKROOT = iphoneos;
				SWIFT_ACTIVE_COMPILATION_CONDITIONS = DEBUG;
				SWIFT_OPTIMIZATION_LEVEL = "-Onone";
			};
			name = Debug;
		};
		390AF48C27A0C69600AD272B /* Release */ = {
			isa = XCBuildConfiguration;
			buildSettings = {
				ALWAYS_SEARCH_USER_PATHS = NO;
				CLANG_ANALYZER_NONNULL = YES;
				CLANG_ANALYZER_NUMBER_OBJECT_CONVERSION = YES_AGGRESSIVE;
				CLANG_CXX_LANGUAGE_STANDARD = "gnu++17";
				CLANG_CXX_LIBRARY = "libc++";
				CLANG_ENABLE_MODULES = YES;
				CLANG_ENABLE_OBJC_ARC = YES;
				CLANG_ENABLE_OBJC_WEAK = YES;
				CLANG_WARN_BLOCK_CAPTURE_AUTORELEASING = YES;
				CLANG_WARN_BOOL_CONVERSION = YES;
				CLANG_WARN_COMMA = YES;
				CLANG_WARN_CONSTANT_CONVERSION = YES;
				CLANG_WARN_DEPRECATED_OBJC_IMPLEMENTATIONS = YES;
				CLANG_WARN_DIRECT_OBJC_ISA_USAGE = YES_ERROR;
				CLANG_WARN_DOCUMENTATION_COMMENTS = YES;
				CLANG_WARN_EMPTY_BODY = YES;
				CLANG_WARN_ENUM_CONVERSION = YES;
				CLANG_WARN_INFINITE_RECURSION = YES;
				CLANG_WARN_INT_CONVERSION = YES;
				CLANG_WARN_NON_LITERAL_NULL_CONVERSION = YES;
				CLANG_WARN_OBJC_IMPLICIT_RETAIN_SELF = YES;
				CLANG_WARN_OBJC_LITERAL_CONVERSION = YES;
				CLANG_WARN_OBJC_ROOT_CLASS = YES_ERROR;
				CLANG_WARN_QUOTED_INCLUDE_IN_FRAMEWORK_HEADER = YES;
				CLANG_WARN_RANGE_LOOP_ANALYSIS = YES;
				CLANG_WARN_STRICT_PROTOTYPES = YES;
				CLANG_WARN_SUSPICIOUS_MOVE = YES;
				CLANG_WARN_UNGUARDED_AVAILABILITY = YES_AGGRESSIVE;
				CLANG_WARN_UNREACHABLE_CODE = YES;
				CLANG_WARN__DUPLICATE_METHOD_MATCH = YES;
				COPY_PHASE_STRIP = NO;
				DEBUG_INFORMATION_FORMAT = "dwarf-with-dsym";
				ENABLE_NS_ASSERTIONS = NO;
				ENABLE_STRICT_OBJC_MSGSEND = YES;
				GCC_C_LANGUAGE_STANDARD = gnu11;
				GCC_NO_COMMON_BLOCKS = YES;
				GCC_WARN_64_TO_32_BIT_CONVERSION = YES;
				GCC_WARN_ABOUT_RETURN_TYPE = YES_ERROR;
				GCC_WARN_UNDECLARED_SELECTOR = YES;
				GCC_WARN_UNINITIALIZED_AUTOS = YES_AGGRESSIVE;
				GCC_WARN_UNUSED_FUNCTION = YES;
				GCC_WARN_UNUSED_VARIABLE = YES;
				IPHONEOS_DEPLOYMENT_TARGET = 15.2;
				MTL_ENABLE_DEBUG_INFO = NO;
				MTL_FAST_MATH = YES;
				SDKROOT = iphoneos;
				SWIFT_COMPILATION_MODE = wholemodule;
				SWIFT_OPTIMIZATION_LEVEL = "-O";
				VALIDATE_PRODUCT = YES;
			};
			name = Release;
		};
		390AF48E27A0C69600AD272B /* Debug */ = {
			isa = XCBuildConfiguration;
			buildSettings = {
				ASSETCATALOG_COMPILER_APPICON_NAME = AppIcon;
				ASSETCATALOG_COMPILER_GLOBAL_ACCENT_COLOR_NAME = AccentColor;
				CODE_SIGN_STYLE = Automatic;
				CURRENT_PROJECT_VERSION = 1;
				DEVELOPMENT_TEAM = NDRKRF3QZ4;
				GENERATE_INFOPLIST_FILE = YES;
				INFOPLIST_FILE = CalculatorBMI/Info.plist;
				INFOPLIST_KEY_UIApplicationSupportsIndirectInputEvents = YES;
				INFOPLIST_KEY_UILaunchStoryboardName = LaunchScreen;
				INFOPLIST_KEY_UIMainStoryboardFile = Main;
				INFOPLIST_KEY_UISupportedInterfaceOrientations_iPad = "UIInterfaceOrientationPortrait UIInterfaceOrientationPortraitUpsideDown UIInterfaceOrientationLandscapeLeft UIInterfaceOrientationLandscapeRight";
				INFOPLIST_KEY_UISupportedInterfaceOrientations_iPhone = "UIInterfaceOrientationPortrait UIInterfaceOrientationLandscapeLeft UIInterfaceOrientationLandscapeRight";
				LD_RUNPATH_SEARCH_PATHS = (
					"$(inherited)",
					"@executable_path/Frameworks",
				);
				MARKETING_VERSION = 1.0;
				PRODUCT_BUNDLE_IDENTIFIER = com.bbng.CalculatorBMI;
				PRODUCT_NAME = "$(TARGET_NAME)";
				SWIFT_EMIT_LOC_STRINGS = YES;
				SWIFT_VERSION = 5.0;
				TARGETED_DEVICE_FAMILY = "1,2";
			};
			name = Debug;
		};
		390AF48F27A0C69600AD272B /* Release */ = {
			isa = XCBuildConfiguration;
			buildSettings = {
				ASSETCATALOG_COMPILER_APPICON_NAME = AppIcon;
				ASSETCATALOG_COMPILER_GLOBAL_ACCENT_COLOR_NAME = AccentColor;
				CODE_SIGN_STYLE = Automatic;
				CURRENT_PROJECT_VERSION = 1;
				DEVELOPMENT_TEAM = NDRKRF3QZ4;
				GENERATE_INFOPLIST_FILE = YES;
				INFOPLIST_FILE = CalculatorBMI/Info.plist;
				INFOPLIST_KEY_UIApplicationSupportsIndirectInputEvents = YES;
				INFOPLIST_KEY_UILaunchStoryboardName = LaunchScreen;
				INFOPLIST_KEY_UIMainStoryboardFile = Main;
				INFOPLIST_KEY_UISupportedInterfaceOrientations_iPad = "UIInterfaceOrientationPortrait UIInterfaceOrientationPortraitUpsideDown UIInterfaceOrientationLandscapeLeft UIInterfaceOrientationLandscapeRight";
				INFOPLIST_KEY_UISupportedInterfaceOrientations_iPhone = "UIInterfaceOrientationPortrait UIInterfaceOrientationLandscapeLeft UIInterfaceOrientationLandscapeRight";
				LD_RUNPATH_SEARCH_PATHS = (
					"$(inherited)",
					"@executable_path/Frameworks",
				);
				MARKETING_VERSION = 1.0;
				PRODUCT_BUNDLE_IDENTIFIER = com.bbng.CalculatorBMI;
				PRODUCT_NAME = "$(TARGET_NAME)";
				SWIFT_EMIT_LOC_STRINGS = YES;
				SWIFT_VERSION = 5.0;
				TARGETED_DEVICE_FAMILY = "1,2";
			};
			name = Release;
		};
/* End XCBuildConfiguration section */

/* Begin XCConfigurationList section */
		390AF47427A0C69400AD272B /* Build configuration list for PBXProject "CalculatorBMI" */ = {
			isa = XCConfigurationList;
			buildConfigurations = (
				390AF48B27A0C69600AD272B /* Debug */,
				390AF48C27A0C69600AD272B /* Release */,
			);
			defaultConfigurationIsVisible = 0;
			defaultConfigurationName = Release;
		};
		390AF48D27A0C69600AD272B /* Build configuration list for PBXNativeTarget "CalculatorBMI" */ = {
			isa = XCConfigurationList;
			buildConfigurations = (
				390AF48E27A0C69600AD272B /* Debug */,
				390AF48F27A0C69600AD272B /* Release */,
			);
			defaultConfigurationIsVisible = 0;
			defaultConfigurationName = Release;
		};
/* End XCConfigurationList section */
	};
	rootObject = 390AF47127A0C69400AD272B /* Project object */;
}
